
Microsoft Visual Studio Solution File, Format Version 12.00
# Visual Studio Version 17
VisualStudioVersion = 17.13.35931.197
MinimumVisualStudioVersion = 10.0.40219.1
Project("{FAE04EC0-301F-11D3-BF4B-00C04F79EFBC}") = "FiapCloudGameWebAPI", "FiapCloudGameWebAPI\FiapCloudGameWebAPI.csproj", "{B77FE528-A1C8-4922-8DA9-CFF585C1B4B3}"
EndProject
Project("{FAE04EC0-301F-11D3-BF4B-00C04F79EFBC}") = "FiapCloudGameWebAPI.Domain", "FiapCloudGames.Domain\FiapCloudGameWebAPI.Domain.csproj", "{17905816-23E0-4672-96B1-1E054A60C070}"
EndProject
Project("{FAE04EC0-301F-11D3-BF4B-00C04F79EFBC}") = "FiapCloudGameWebAPI.Infrastructure", "FiapCloudGameWebAPI.Infrastructure\FiapCloudGameWebAPI.Infrastructure.csproj", "{50355A86-147D-4BB4-B394-924DEEE7DD7C}"
EndProject
Global
	GlobalSection(SolutionConfigurationPlatforms) = preSolution
		Debug|Any CPU = Debug|Any CPU
		Release|Any CPU = Release|Any CPU
	EndGlobalSection
	GlobalSection(ProjectConfigurationPlatforms) = postSolution
		{B77FE528-A1C8-4922-8DA9-CFF585C1B4B3}.Debug|Any CPU.ActiveCfg = Debug|Any CPU
		{B77FE528-A1C8-4922-8DA9-CFF585C1B4B3}.Debug|Any CPU.Build.0 = Debug|Any CPU
		{B77FE528-A1C8-4922-8DA9-CFF585C1B4B3}.Release|Any CPU.ActiveCfg = Release|Any CPU
		{B77FE528-A1C8-4922-8DA9-CFF585C1B4B3}.Release|Any CPU.Build.0 = Release|Any CPU
		{17905816-23E0-4672-96B1-1E054A60C070}.Debug|Any CPU.ActiveCfg = Debug|Any CPU
		{17905816-23E0-4672-96B1-1E054A60C070}.Debug|Any CPU.Build.0 = Debug|Any CPU
		{17905816-23E0-4672-96B1-1E054A60C070}.Release|Any CPU.ActiveCfg = Release|Any CPU
		{17905816-23E0-4672-96B1-1E054A60C070}.Release|Any CPU.Build.0 = Release|Any CPU
		{50355A86-147D-4BB4-B394-924DEEE7DD7C}.Debug|Any CPU.ActiveCfg = Debug|Any CPU
		{50355A86-147D-4BB4-B394-924DEEE7DD7C}.Debug|Any CPU.Build.0 = Debug|Any CPU
		{50355A86-147D-4BB4-B394-924DEEE7DD7C}.Release|Any CPU.ActiveCfg = Release|Any CPU
		{50355A86-147D-4BB4-B394-924DEEE7DD7C}.Release|Any CPU.Build.0 = Release|Any CPU
	EndGlobalSection
	GlobalSection(SolutionProperties) = preSolution
		HideSolutionNode = FALSE
	EndGlobalSection
	GlobalSection(ExtensibilityGlobals) = postSolution
		SolutionGuid = {5ABAEC7D-2670-4605-BE5A-260FAD7B973E}
	EndGlobalSection
EndGlobal
